
Microsoft Visual Studio Solution File, Format Version 12.00
# Visual Studio Version 17
VisualStudioVersion = 17.11.35303.130
MinimumVisualStudioVersion = 10.0.40219.1
Project("{9A19103F-16F7-4668-BE54-9A1E7A4F7556}") = "Tyuiu.NefedovIS.Sprint3.Task0.V11", "Tyuiu.NefedovIS.Sprint3.Task0.V11\Tyuiu.NefedovIS.Sprint3.Task0.V11.csproj", "{7C91930C-8514-42C7-843D-28B53A29D37C}"
EndProject
Project("{9A19103F-16F7-4668-BE54-9A1E7A4F7556}") = "Tyuiu.NefedovIS.Sprint3.Task0.V11.Lib", "Tyuiu.NefedovIS.Sprint3.Task0.V11.Lib\Tyuiu.NefedovIS.Sprint3.Task0.V11.Lib.csproj", "{BF9AE23A-4A99-4EFC-BBAC-4DD4118BEB9D}"
EndProject
Project("{9A19103F-16F7-4668-BE54-9A1E7A4F7556}") = "Tyuiu.NefedovIS.Sprint3.Task0.V11.Test", "Tyuiu.NefedovIS.Sprint3.Task0.V11.Test\Tyuiu.NefedovIS.Sprint3.Task0.V11.Test.csproj", "{3BEB6E26-06AF-4A41-ABB5-91954C006BEF}"
EndProject
Project("{2150E333-8FDC-42A3-9474-1A3956D46DE8}") = "Task0", "Task0", "{ECBA5C85-1203-45D5-B0CB-0045B537DC39}"
EndProject
Project("{2150E333-8FDC-42A3-9474-1A3956D46DE8}") = "Task1", "Task1", "{E1FE9F67-820F-44F3-896A-2700A5A99F46}"
EndProject
Project("{9A19103F-16F7-4668-BE54-9A1E7A4F7556}") = "Tyuiu.NefedovIS.Sprint3.Task1.V11", "Tyuiu.NefedovIS.Sprint3.Task1.V11\Tyuiu.NefedovIS.Sprint3.Task1.V11.csproj", "{CA8FA187-1553-4F82-8EE3-5FF626FE3503}"
EndProject
Project("{9A19103F-16F7-4668-BE54-9A1E7A4F7556}") = "Tyuiu.NefedovIS.Sprint3.Task1.V11.Lib", "Tyuiu.NefedovIS.Sprint3.Task1.V11.Lib\Tyuiu.NefedovIS.Sprint3.Task1.V11.Lib.csproj", "{72A3DC6A-7A52-4667-B554-4B8584C8AA36}"
EndProject
Project("{9A19103F-16F7-4668-BE54-9A1E7A4F7556}") = "Tyuiu.NefedovIS.Sprint3.Task1.V11.Test", "Tyuiu.NefedovIS.Sprint3.Task1.V11.Test\Tyuiu.NefedovIS.Sprint3.Task1.V11.Test.csproj", "{F830BE8F-87F1-448F-A106-6F363BEBE1E0}"
EndProject
Project("{2150E333-8FDC-42A3-9474-1A3956D46DE8}") = "Task2", "Task2", "{AA60E856-E4D1-4C9A-9526-156DA1E242F6}"
EndProject
Project("{FAE04EC0-301F-11D3-BF4B-00C04F79EFBC}") = "Tyuiu.NefedovIS.Sprint3.Task2.V30", "Tyuiu.NefedovIS.Sprint3.Task2.V30\Tyuiu.NefedovIS.Sprint3.Task2.V30.csproj", "{244CAAB4-AFE2-43B2-B4A3-D5B78840A173}"
EndProject
Project("{FAE04EC0-301F-11D3-BF4B-00C04F79EFBC}") = "Tyuiu.NefedovIS.Sprint3.Task2.V30.Lib", "Tyuiu.NefedovIS.Sprint3.Task2.V30.Lib\Tyuiu.NefedovIS.Sprint3.Task2.V30.Lib.csproj", "{46890A9C-DB0A-4571-87F6-A92578C32B38}"
EndProject
Project("{FAE04EC0-301F-11D3-BF4B-00C04F79EFBC}") = "Tyuiu.NefedovIS.Sprint3.Task2.V30.Test", "Tyuiu.NefedovIS.Sprint3.Task2.V30.Test\Tyuiu.NefedovIS.Sprint3.Task2.V30.Test.csproj", "{A7D8D9F5-8160-4DBB-96F9-B8ACA992AE0B}"
EndProject
Project("{2150E333-8FDC-42A3-9474-1A3956D46DE8}") = "Task3", "Task3", "{FAA570B3-879F-4820-A483-8E67551BC583}"
EndProject
Project("{FAE04EC0-301F-11D3-BF4B-00C04F79EFBC}") = "Tyuiu.NefedovIS.Sprint3.Task3.V8", "Tyuiu.NefedovIS.Sprint3.Task3.V8\Tyuiu.NefedovIS.Sprint3.Task3.V8.csproj", "{2EC4BD51-1165-482A-8F06-2902001929B5}"
EndProject
Project("{FAE04EC0-301F-11D3-BF4B-00C04F79EFBC}") = "Tyuiu.NefedovIS.Sprint3.Task3.V8.Lib", "Tyuiu.NefedovIS.Sprint3.Task3.V8.Lib\Tyuiu.NefedovIS.Sprint3.Task3.V8.Lib.csproj", "{5037182E-1102-4470-9B39-305705EDB31D}"
EndProject
Project("{FAE04EC0-301F-11D3-BF4B-00C04F79EFBC}") = "Tyuiu.NefedovIS.Sprint3.Task3.V8.Test", "Tyuiu.NefedovIS.Sprint3.Task3.V8.Test\Tyuiu.NefedovIS.Sprint3.Task3.V8.Test.csproj", "{CA35564C-7A39-4A34-AA8D-92E5ECB7DDE2}"
EndProject
Global
	GlobalSection(SolutionConfigurationPlatforms) = preSolution
		Debug|Any CPU = Debug|Any CPU
		Release|Any CPU = Release|Any CPU
	EndGlobalSection
	GlobalSection(ProjectConfigurationPlatforms) = postSolution
		{7C91930C-8514-42C7-843D-28B53A29D37C}.Debug|Any CPU.ActiveCfg = Debug|Any CPU
		{7C91930C-8514-42C7-843D-28B53A29D37C}.Debug|Any CPU.Build.0 = Debug|Any CPU
		{7C91930C-8514-42C7-843D-28B53A29D37C}.Release|Any CPU.ActiveCfg = Release|Any CPU
		{7C91930C-8514-42C7-843D-28B53A29D37C}.Release|Any CPU.Build.0 = Release|Any CPU
		{BF9AE23A-4A99-4EFC-BBAC-4DD4118BEB9D}.Debug|Any CPU.ActiveCfg = Debug|Any CPU
		{BF9AE23A-4A99-4EFC-BBAC-4DD4118BEB9D}.Debug|Any CPU.Build.0 = Debug|Any CPU
		{BF9AE23A-4A99-4EFC-BBAC-4DD4118BEB9D}.Release|Any CPU.ActiveCfg = Release|Any CPU
		{BF9AE23A-4A99-4EFC-BBAC-4DD4118BEB9D}.Release|Any CPU.Build.0 = Release|Any CPU
		{3BEB6E26-06AF-4A41-ABB5-91954C006BEF}.Debug|Any CPU.ActiveCfg = Debug|Any CPU
		{3BEB6E26-06AF-4A41-ABB5-91954C006BEF}.Debug|Any CPU.Build.0 = Debug|Any CPU
		{3BEB6E26-06AF-4A41-ABB5-91954C006BEF}.Release|Any CPU.ActiveCfg = Release|Any CPU
		{3BEB6E26-06AF-4A41-ABB5-91954C006BEF}.Release|Any CPU.Build.0 = Release|Any CPU
		{CA8FA187-1553-4F82-8EE3-5FF626FE3503}.Debug|Any CPU.ActiveCfg = Debug|Any CPU
		{CA8FA187-1553-4F82-8EE3-5FF626FE3503}.Debug|Any CPU.Build.0 = Debug|Any CPU
		{CA8FA187-1553-4F82-8EE3-5FF626FE3503}.Release|Any CPU.ActiveCfg = Release|Any CPU
		{CA8FA187-1553-4F82-8EE3-5FF626FE3503}.Release|Any CPU.Build.0 = Release|Any CPU
		{72A3DC6A-7A52-4667-B554-4B8584C8AA36}.Debug|Any CPU.ActiveCfg = Debug|Any CPU
		{72A3DC6A-7A52-4667-B554-4B8584C8AA36}.Debug|Any CPU.Build.0 = Debug|Any CPU
		{72A3DC6A-7A52-4667-B554-4B8584C8AA36}.Release|Any CPU.ActiveCfg = Release|Any CPU
		{72A3DC6A-7A52-4667-B554-4B8584C8AA36}.Release|Any CPU.Build.0 = Release|Any CPU
		{F830BE8F-87F1-448F-A106-6F363BEBE1E0}.Debug|Any CPU.ActiveCfg = Debug|Any CPU
		{F830BE8F-87F1-448F-A106-6F363BEBE1E0}.Debug|Any CPU.Build.0 = Debug|Any CPU
		{F830BE8F-87F1-448F-A106-6F363BEBE1E0}.Release|Any CPU.ActiveCfg = Release|Any CPU
		{F830BE8F-87F1-448F-A106-6F363BEBE1E0}.Release|Any CPU.Build.0 = Release|Any CPU
		{244CAAB4-AFE2-43B2-B4A3-D5B78840A173}.Debug|Any CPU.ActiveCfg = Debug|Any CPU
		{244CAAB4-AFE2-43B2-B4A3-D5B78840A173}.Debug|Any CPU.Build.0 = Debug|Any CPU
		{244CAAB4-AFE2-43B2-B4A3-D5B78840A173}.Release|Any CPU.ActiveCfg = Release|Any CPU
		{244CAAB4-AFE2-43B2-B4A3-D5B78840A173}.Release|Any CPU.Build.0 = Release|Any CPU
		{46890A9C-DB0A-4571-87F6-A92578C32B38}.Debug|Any CPU.ActiveCfg = Debug|Any CPU
		{46890A9C-DB0A-4571-87F6-A92578C32B38}.Debug|Any CPU.Build.0 = Debug|Any CPU
		{46890A9C-DB0A-4571-87F6-A92578C32B38}.Release|Any CPU.ActiveCfg = Release|Any CPU
		{46890A9C-DB0A-4571-87F6-A92578C32B38}.Release|Any CPU.Build.0 = Release|Any CPU
		{A7D8D9F5-8160-4DBB-96F9-B8ACA992AE0B}.Debug|Any CPU.ActiveCfg = Debug|Any CPU
		{A7D8D9F5-8160-4DBB-96F9-B8ACA992AE0B}.Debug|Any CPU.Build.0 = Debug|Any CPU
		{A7D8D9F5-8160-4DBB-96F9-B8ACA992AE0B}.Release|Any CPU.ActiveCfg = Release|Any CPU
		{A7D8D9F5-8160-4DBB-96F9-B8ACA992AE0B}.Release|Any CPU.Build.0 = Release|Any CPU
		{2EC4BD51-1165-482A-8F06-2902001929B5}.Debug|Any CPU.ActiveCfg = Debug|Any CPU
		{2EC4BD51-1165-482A-8F06-2902001929B5}.Debug|Any CPU.Build.0 = Debug|Any CPU
		{2EC4BD51-1165-482A-8F06-2902001929B5}.Release|Any CPU.ActiveCfg = Release|Any CPU
		{2EC4BD51-1165-482A-8F06-2902001929B5}.Release|Any CPU.Build.0 = Release|Any CPU
		{5037182E-1102-4470-9B39-305705EDB31D}.Debug|Any CPU.ActiveCfg = Debug|Any CPU
		{5037182E-1102-4470-9B39-305705EDB31D}.Debug|Any CPU.Build.0 = Debug|Any CPU
		{5037182E-1102-4470-9B39-305705EDB31D}.Release|Any CPU.ActiveCfg = Release|Any CPU
		{5037182E-1102-4470-9B39-305705EDB31D}.Release|Any CPU.Build.0 = Release|Any CPU
		{CA35564C-7A39-4A34-AA8D-92E5ECB7DDE2}.Debug|Any CPU.ActiveCfg = Debug|Any CPU
		{CA35564C-7A39-4A34-AA8D-92E5ECB7DDE2}.Debug|Any CPU.Build.0 = Debug|Any CPU
		{CA35564C-7A39-4A34-AA8D-92E5ECB7DDE2}.Release|Any CPU.ActiveCfg = Release|Any CPU
		{CA35564C-7A39-4A34-AA8D-92E5ECB7DDE2}.Release|Any CPU.Build.0 = Release|Any CPU
	EndGlobalSection
	GlobalSection(SolutionProperties) = preSolution
		HideSolutionNode = FALSE
	EndGlobalSection
	GlobalSection(NestedProjects) = preSolution
		{7C91930C-8514-42C7-843D-28B53A29D37C} = {ECBA5C85-1203-45D5-B0CB-0045B537DC39}
		{BF9AE23A-4A99-4EFC-BBAC-4DD4118BEB9D} = {ECBA5C85-1203-45D5-B0CB-0045B537DC39}
		{3BEB6E26-06AF-4A41-ABB5-91954C006BEF} = {ECBA5C85-1203-45D5-B0CB-0045B537DC39}
		{CA8FA187-1553-4F82-8EE3-5FF626FE3503} = {E1FE9F67-820F-44F3-896A-2700A5A99F46}
		{72A3DC6A-7A52-4667-B554-4B8584C8AA36} = {E1FE9F67-820F-44F3-896A-2700A5A99F46}
		{F830BE8F-87F1-448F-A106-6F363BEBE1E0} = {E1FE9F67-820F-44F3-896A-2700A5A99F46}
		{244CAAB4-AFE2-43B2-B4A3-D5B78840A173} = {AA60E856-E4D1-4C9A-9526-156DA1E242F6}
		{46890A9C-DB0A-4571-87F6-A92578C32B38} = {AA60E856-E4D1-4C9A-9526-156DA1E242F6}
		{A7D8D9F5-8160-4DBB-96F9-B8ACA992AE0B} = {AA60E856-E4D1-4C9A-9526-156DA1E242F6}
		{2EC4BD51-1165-482A-8F06-2902001929B5} = {FAA570B3-879F-4820-A483-8E67551BC583}
		{5037182E-1102-4470-9B39-305705EDB31D} = {FAA570B3-879F-4820-A483-8E67551BC583}
		{CA35564C-7A39-4A34-AA8D-92E5ECB7DDE2} = {FAA570B3-879F-4820-A483-8E67551BC583}
	EndGlobalSection
	GlobalSection(ExtensibilityGlobals) = postSolution
		SolutionGuid = {24B9484D-C15F-4B50-9CC0-72F4A308C054}
	EndGlobalSection
EndGlobal
